
Microsoft Visual Studio Solution File, Format Version 12.00
# Visual Studio Version 17
VisualStudioVersion = 17.3.32825.248
MinimumVisualStudioVersion = 10.0.40219.1
Project("{FAE04EC0-301F-11D3-BF4B-00C04F79EFBC}") = "Лаба 11", "Лаба 11\Лаба 11.csproj", "{1B5523D1-2F91-4964-964F-E27C49CBC43B}"
EndProject
Global
	GlobalSection(SolutionConfigurationPlatforms) = preSolution
		Debug|Any CPU = Debug|Any CPU
		Release|Any CPU = Release|Any CPU
	EndGlobalSection
	GlobalSection(ProjectConfigurationPlatforms) = postSolution
		{1B5523D1-2F91-4964-964F-E27C49CBC43B}.Debug|Any CPU.ActiveCfg = Debug|Any CPU
		{1B5523D1-2F91-4964-964F-E27C49CBC43B}.Debug|Any CPU.Build.0 = Debug|Any CPU
		{1B5523D1-2F91-4964-964F-E27C49CBC43B}.Release|Any CPU.ActiveCfg = Release|Any CPU
		{1B5523D1-2F91-4964-964F-E27C49CBC43B}.Release|Any CPU.Build.0 = Release|Any CPU
	EndGlobalSection
	GlobalSection(SolutionProperties) = preSolution
		HideSolutionNode = FALSE
	EndGlobalSection
	GlobalSection(ExtensibilityGlobals) = postSolution
		SolutionGuid = {C6329D19-9705-4CEF-B9CA-4B033F6E32A7}
	EndGlobalSection
EndGlobal
